
Microsoft Visual Studio Solution File, Format Version 12.00
# Visual Studio Version 17
VisualStudioVersion = 17.3.32825.248
MinimumVisualStudioVersion = 10.0.40219.1
Project("{2150E333-8FDC-42A3-9474-1A3956D46DE8}") = "Clients", "Clients", "{D11018F7-C6A6-4E6C-B730-3D493DBC5A2C}"
EndProject
Project("{2150E333-8FDC-42A3-9474-1A3956D46DE8}") = "Services", "Services", "{B58C3076-27A2-400A-84B2-29942DF7393F}"
EndProject
Project("{9A19103F-16F7-4668-BE54-9A1E7A4F7556}") = "Demo.WebServer", "Demo.WebServer\Demo.WebServer.csproj", "{6D0E2AC4-51BF-4CD8-9C5C-554C1AA17364}"
EndProject
Project("{9A19103F-16F7-4668-BE54-9A1E7A4F7556}") = "Demo.DesktopClient", "Demo.DesktopClient\Demo.DesktopClient.csproj", "{FAD6B682-A6E1-4901-B4B0-DF9F208C9115}"
EndProject
Project("{2150E333-8FDC-42A3-9474-1A3956D46DE8}") = "Base", "Base", "{CADB7194-C83E-4C62-8B28-5DDBE9063454}"
EndProject
Project("{9A19103F-16F7-4668-BE54-9A1E7A4F7556}") = "Demo.DAL", "Demo.DAL\Demo.DAL.csproj", "{DD85F5CF-8EA8-41CB-8182-CCD9EEAC6FBB}"
EndProject
Project("{9A19103F-16F7-4668-BE54-9A1E7A4F7556}") = "Demo.Entities", "Demo.Entities\Demo.Entities.csproj", "{A44BE5E2-A828-44FF-8567-169F2D329D31}"
EndProject
Project("{9A19103F-16F7-4668-BE54-9A1E7A4F7556}") = "Demo.WebApi", "Demo.WebApi\Demo.WebApi.csproj", "{291D63C6-0E85-44B3-938E-61A2B3D15BFE}"
EndProject
Project("{2150E333-8FDC-42A3-9474-1A3956D46DE8}") = "Contracts", "Contracts", "{FE322400-BAB7-48D9-B637-3AF6B0B15A47}"
EndProject
Project("{9A19103F-16F7-4668-BE54-9A1E7A4F7556}") = "Demo.Contracts", "Demo.Contracts\Demo.Contracts.csproj", "{CB6B23BC-514B-4EDE-8350-BC915233583B}"
EndProject
Global
	GlobalSection(SolutionConfigurationPlatforms) = preSolution
		Debug|Any CPU = Debug|Any CPU
		Release|Any CPU = Release|Any CPU
	EndGlobalSection
	GlobalSection(ProjectConfigurationPlatforms) = postSolution
		{6D0E2AC4-51BF-4CD8-9C5C-554C1AA17364}.Debug|Any CPU.ActiveCfg = Debug|Any CPU
		{6D0E2AC4-51BF-4CD8-9C5C-554C1AA17364}.Debug|Any CPU.Build.0 = Debug|Any CPU
		{6D0E2AC4-51BF-4CD8-9C5C-554C1AA17364}.Release|Any CPU.ActiveCfg = Release|Any CPU
		{6D0E2AC4-51BF-4CD8-9C5C-554C1AA17364}.Release|Any CPU.Build.0 = Release|Any CPU
		{FAD6B682-A6E1-4901-B4B0-DF9F208C9115}.Debug|Any CPU.ActiveCfg = Debug|Any CPU
		{FAD6B682-A6E1-4901-B4B0-DF9F208C9115}.Debug|Any CPU.Build.0 = Debug|Any CPU
		{FAD6B682-A6E1-4901-B4B0-DF9F208C9115}.Debug|Any CPU.Deploy.0 = Debug|Any CPU
		{FAD6B682-A6E1-4901-B4B0-DF9F208C9115}.Release|Any CPU.ActiveCfg = Release|Any CPU
		{FAD6B682-A6E1-4901-B4B0-DF9F208C9115}.Release|Any CPU.Build.0 = Release|Any CPU
		{FAD6B682-A6E1-4901-B4B0-DF9F208C9115}.Release|Any CPU.Deploy.0 = Release|Any CPU
		{DD85F5CF-8EA8-41CB-8182-CCD9EEAC6FBB}.Debug|Any CPU.ActiveCfg = Debug|Any CPU
		{DD85F5CF-8EA8-41CB-8182-CCD9EEAC6FBB}.Debug|Any CPU.Build.0 = Debug|Any CPU
		{DD85F5CF-8EA8-41CB-8182-CCD9EEAC6FBB}.Release|Any CPU.ActiveCfg = Release|Any CPU
		{DD85F5CF-8EA8-41CB-8182-CCD9EEAC6FBB}.Release|Any CPU.Build.0 = Release|Any CPU
		{A44BE5E2-A828-44FF-8567-169F2D329D31}.Debug|Any CPU.ActiveCfg = Debug|Any CPU
		{A44BE5E2-A828-44FF-8567-169F2D329D31}.Debug|Any CPU.Build.0 = Debug|Any CPU
		{A44BE5E2-A828-44FF-8567-169F2D329D31}.Release|Any CPU.ActiveCfg = Release|Any CPU
		{A44BE5E2-A828-44FF-8567-169F2D329D31}.Release|Any CPU.Build.0 = Release|Any CPU
		{291D63C6-0E85-44B3-938E-61A2B3D15BFE}.Debug|Any CPU.ActiveCfg = Debug|Any CPU
		{291D63C6-0E85-44B3-938E-61A2B3D15BFE}.Debug|Any CPU.Build.0 = Debug|Any CPU
		{291D63C6-0E85-44B3-938E-61A2B3D15BFE}.Release|Any CPU.ActiveCfg = Release|Any CPU
		{291D63C6-0E85-44B3-938E-61A2B3D15BFE}.Release|Any CPU.Build.0 = Release|Any CPU
		{CB6B23BC-514B-4EDE-8350-BC915233583B}.Debug|Any CPU.ActiveCfg = Debug|Any CPU
		{CB6B23BC-514B-4EDE-8350-BC915233583B}.Debug|Any CPU.Build.0 = Debug|Any CPU
		{CB6B23BC-514B-4EDE-8350-BC915233583B}.Release|Any CPU.ActiveCfg = Release|Any CPU
		{CB6B23BC-514B-4EDE-8350-BC915233583B}.Release|Any CPU.Build.0 = Release|Any CPU
	EndGlobalSection
	GlobalSection(SolutionProperties) = preSolution
		HideSolutionNode = FALSE
	EndGlobalSection
	GlobalSection(NestedProjects) = preSolution
		{6D0E2AC4-51BF-4CD8-9C5C-554C1AA17364} = {B58C3076-27A2-400A-84B2-29942DF7393F}
		{FAD6B682-A6E1-4901-B4B0-DF9F208C9115} = {D11018F7-C6A6-4E6C-B730-3D493DBC5A2C}
		{DD85F5CF-8EA8-41CB-8182-CCD9EEAC6FBB} = {CADB7194-C83E-4C62-8B28-5DDBE9063454}
		{A44BE5E2-A828-44FF-8567-169F2D329D31} = {CADB7194-C83E-4C62-8B28-5DDBE9063454}
		{291D63C6-0E85-44B3-938E-61A2B3D15BFE} = {CADB7194-C83E-4C62-8B28-5DDBE9063454}
		{CB6B23BC-514B-4EDE-8350-BC915233583B} = {FE322400-BAB7-48D9-B637-3AF6B0B15A47}
	EndGlobalSection
	GlobalSection(ExtensibilityGlobals) = postSolution
		SolutionGuid = {EA3DC0F0-B421-46B7-9AAF-4009F959D59D}
	EndGlobalSection
EndGlobal
