
Microsoft Visual Studio Solution File, Format Version 12.00
# Visual Studio Version 17
VisualStudioVersion = 17.3.32825.248
MinimumVisualStudioVersion = 10.0.40219.1
Project("{2150E333-8FDC-42A3-9474-1A3956D46DE8}") = "Clients", "Clients", "{D11018F7-C6A6-4E6C-B730-3D493DBC5A2C}"
EndProject
Project("{2150E333-8FDC-42A3-9474-1A3956D46DE8}") = "Services", "Services", "{B58C3076-27A2-400A-84B2-29942DF7393F}"
EndProject
Project("{9A19103F-16F7-4668-BE54-9A1E7A4F7556}") = "Demo.WebServer", "Demo.WebServer\Demo.WebServer.csproj", "{6D0E2AC4-51BF-4CD8-9C5C-554C1AA17364}"
EndProject
Project("{9A19103F-16F7-4668-BE54-9A1E7A4F7556}") = "Demo.DesktopClient", "Demo.DesktopClient\Demo.DesktopClient.csproj", "{FAD6B682-A6E1-4901-B4B0-DF9F208C9115}"
EndProject
Project("{2150E333-8FDC-42A3-9474-1A3956D46DE8}") = "Base", "Base", "{CADB7194-C83E-4C62-8B28-5DDBE9063454}"
EndProject
Project("{9A19103F-16F7-4668-BE54-9A1E7A4F7556}") = "Demo.Contracts", "Demo.Contracts\Demo.Contracts.csproj", "{CB6B23BC-514B-4EDE-8350-BC915233583B}"
EndProject
Project("{9A19103F-16F7-4668-BE54-9A1E7A4F7556}") = "Demo.WebAdmin", "Demo.WebAdmin\Demo.WebAdmin.csproj", "{7245E00B-CF5D-4730-80F0-4CA12DE5EF8F}"
EndProject
Project("{9A19103F-16F7-4668-BE54-9A1E7A4F7556}") = "Demo.EntityFramework", "Demo.EntityFramework\Demo.EntityFramework.csproj", "{E1696A31-D60F-43BC-866C-0F350DE5E13F}"
EndProject
Project("{9A19103F-16F7-4668-BE54-9A1E7A4F7556}") = "Demo.DAL", "Demo.DAL\Demo.DAL.csproj", "{8BD112B6-8ED2-4704-8FE7-B4B96A357329}"
EndProject
Project("{9A19103F-16F7-4668-BE54-9A1E7A4F7556}") = "Demo.Desktop.Model", "Demo.Desktop.Model\Demo.Desktop.Model.csproj", "{1EC718B4-A527-4086-9F0F-CDD639DD1A2C}"
EndProject
Project("{9A19103F-16F7-4668-BE54-9A1E7A4F7556}") = "Demo.Desktop.Model.Updater", "Demo.Desktop.Model.Updater\Demo.Desktop.Model.Updater.csproj", "{0AEA4AF7-88E6-4F50-9C7C-BCE5B007972B}"
EndProject
Project("{FAE04EC0-301F-11D3-BF4B-00C04F79EFBC}") = "ConsoleApp1", "ConsoleApp1\ConsoleApp1.csproj", "{EAD864CB-14EA-40DE-92CF-DEB6F59E3E0C}"
EndProject
Global
	GlobalSection(SolutionConfigurationPlatforms) = preSolution
		Debug|Any CPU = Debug|Any CPU
		Release|Any CPU = Release|Any CPU
	EndGlobalSection
	GlobalSection(ProjectConfigurationPlatforms) = postSolution
		{6D0E2AC4-51BF-4CD8-9C5C-554C1AA17364}.Debug|Any CPU.ActiveCfg = Debug|Any CPU
		{6D0E2AC4-51BF-4CD8-9C5C-554C1AA17364}.Debug|Any CPU.Build.0 = Debug|Any CPU
		{6D0E2AC4-51BF-4CD8-9C5C-554C1AA17364}.Release|Any CPU.ActiveCfg = Release|Any CPU
		{6D0E2AC4-51BF-4CD8-9C5C-554C1AA17364}.Release|Any CPU.Build.0 = Release|Any CPU
		{FAD6B682-A6E1-4901-B4B0-DF9F208C9115}.Debug|Any CPU.ActiveCfg = Debug|Any CPU
		{FAD6B682-A6E1-4901-B4B0-DF9F208C9115}.Debug|Any CPU.Build.0 = Debug|Any CPU
		{FAD6B682-A6E1-4901-B4B0-DF9F208C9115}.Debug|Any CPU.Deploy.0 = Debug|Any CPU
		{FAD6B682-A6E1-4901-B4B0-DF9F208C9115}.Release|Any CPU.ActiveCfg = Release|Any CPU
		{FAD6B682-A6E1-4901-B4B0-DF9F208C9115}.Release|Any CPU.Build.0 = Release|Any CPU
		{FAD6B682-A6E1-4901-B4B0-DF9F208C9115}.Release|Any CPU.Deploy.0 = Release|Any CPU
		{CB6B23BC-514B-4EDE-8350-BC915233583B}.Debug|Any CPU.ActiveCfg = Debug|Any CPU
		{CB6B23BC-514B-4EDE-8350-BC915233583B}.Debug|Any CPU.Build.0 = Debug|Any CPU
		{CB6B23BC-514B-4EDE-8350-BC915233583B}.Release|Any CPU.ActiveCfg = Release|Any CPU
		{CB6B23BC-514B-4EDE-8350-BC915233583B}.Release|Any CPU.Build.0 = Release|Any CPU
		{7245E00B-CF5D-4730-80F0-4CA12DE5EF8F}.Debug|Any CPU.ActiveCfg = Debug|Any CPU
		{7245E00B-CF5D-4730-80F0-4CA12DE5EF8F}.Debug|Any CPU.Build.0 = Debug|Any CPU
		{7245E00B-CF5D-4730-80F0-4CA12DE5EF8F}.Release|Any CPU.ActiveCfg = Release|Any CPU
		{7245E00B-CF5D-4730-80F0-4CA12DE5EF8F}.Release|Any CPU.Build.0 = Release|Any CPU
		{E1696A31-D60F-43BC-866C-0F350DE5E13F}.Debug|Any CPU.ActiveCfg = Debug|Any CPU
		{E1696A31-D60F-43BC-866C-0F350DE5E13F}.Debug|Any CPU.Build.0 = Debug|Any CPU
		{E1696A31-D60F-43BC-866C-0F350DE5E13F}.Release|Any CPU.ActiveCfg = Release|Any CPU
		{E1696A31-D60F-43BC-866C-0F350DE5E13F}.Release|Any CPU.Build.0 = Release|Any CPU
		{8BD112B6-8ED2-4704-8FE7-B4B96A357329}.Debug|Any CPU.ActiveCfg = Debug|Any CPU
		{8BD112B6-8ED2-4704-8FE7-B4B96A357329}.Debug|Any CPU.Build.0 = Debug|Any CPU
		{8BD112B6-8ED2-4704-8FE7-B4B96A357329}.Release|Any CPU.ActiveCfg = Release|Any CPU
		{8BD112B6-8ED2-4704-8FE7-B4B96A357329}.Release|Any CPU.Build.0 = Release|Any CPU
		{1EC718B4-A527-4086-9F0F-CDD639DD1A2C}.Debug|Any CPU.ActiveCfg = Debug|Any CPU
		{1EC718B4-A527-4086-9F0F-CDD639DD1A2C}.Debug|Any CPU.Build.0 = Debug|Any CPU
		{1EC718B4-A527-4086-9F0F-CDD639DD1A2C}.Release|Any CPU.ActiveCfg = Release|Any CPU
		{1EC718B4-A527-4086-9F0F-CDD639DD1A2C}.Release|Any CPU.Build.0 = Release|Any CPU
		{0AEA4AF7-88E6-4F50-9C7C-BCE5B007972B}.Debug|Any CPU.ActiveCfg = Debug|Any CPU
		{0AEA4AF7-88E6-4F50-9C7C-BCE5B007972B}.Debug|Any CPU.Build.0 = Debug|Any CPU
		{0AEA4AF7-88E6-4F50-9C7C-BCE5B007972B}.Release|Any CPU.ActiveCfg = Release|Any CPU
		{0AEA4AF7-88E6-4F50-9C7C-BCE5B007972B}.Release|Any CPU.Build.0 = Release|Any CPU
		{EAD864CB-14EA-40DE-92CF-DEB6F59E3E0C}.Debug|Any CPU.ActiveCfg = Debug|Any CPU
		{EAD864CB-14EA-40DE-92CF-DEB6F59E3E0C}.Debug|Any CPU.Build.0 = Debug|Any CPU
		{EAD864CB-14EA-40DE-92CF-DEB6F59E3E0C}.Release|Any CPU.ActiveCfg = Release|Any CPU
		{EAD864CB-14EA-40DE-92CF-DEB6F59E3E0C}.Release|Any CPU.Build.0 = Release|Any CPU
	EndGlobalSection
	GlobalSection(SolutionProperties) = preSolution
		HideSolutionNode = FALSE
	EndGlobalSection
	GlobalSection(NestedProjects) = preSolution
		{6D0E2AC4-51BF-4CD8-9C5C-554C1AA17364} = {B58C3076-27A2-400A-84B2-29942DF7393F}
		{FAD6B682-A6E1-4901-B4B0-DF9F208C9115} = {D11018F7-C6A6-4E6C-B730-3D493DBC5A2C}
		{CB6B23BC-514B-4EDE-8350-BC915233583B} = {CADB7194-C83E-4C62-8B28-5DDBE9063454}
		{7245E00B-CF5D-4730-80F0-4CA12DE5EF8F} = {B58C3076-27A2-400A-84B2-29942DF7393F}
		{E1696A31-D60F-43BC-866C-0F350DE5E13F} = {CADB7194-C83E-4C62-8B28-5DDBE9063454}
		{8BD112B6-8ED2-4704-8FE7-B4B96A357329} = {CADB7194-C83E-4C62-8B28-5DDBE9063454}
		{1EC718B4-A527-4086-9F0F-CDD639DD1A2C} = {D11018F7-C6A6-4E6C-B730-3D493DBC5A2C}
		{0AEA4AF7-88E6-4F50-9C7C-BCE5B007972B} = {D11018F7-C6A6-4E6C-B730-3D493DBC5A2C}
	EndGlobalSection
	GlobalSection(ExtensibilityGlobals) = postSolution
		SolutionGuid = {EA3DC0F0-B421-46B7-9AAF-4009F959D59D}
	EndGlobalSection
EndGlobal
